
Microsoft Visual Studio Solution File, Format Version 12.00
# Visual Studio Version 17
VisualStudioVersion = 17.9.34616.47
MinimumVisualStudioVersion = 10.0.40219.1
Project("{FAE04EC0-301F-11D3-BF4B-00C04F79EFBC}") = "ConsoleApp1", "ConsoleApp1.csproj", "{90909DAE-9040-4F87-A77E-17D525B2B703}"
EndProject
Project("{FAE04EC0-301F-11D3-BF4B-00C04F79EFBC}") = "ConsoleApp2", "..\ConsoleApp2\ConsoleApp2.csproj", "{14245C22-4C03-4905-9FF3-857DAF9D01F1}"
EndProject
Project("{FAE04EC0-301F-11D3-BF4B-00C04F79EFBC}") = "ConsoleApp3", "..\ConsoleApp3\ConsoleApp3.csproj", "{0EF64AF8-35A6-48AA-BAB9-352A2E665DF4}"
EndProject
Project("{FAE04EC0-301F-11D3-BF4B-00C04F79EFBC}") = "ConsoleApp4", "..\ConsoleApp4\ConsoleApp4.csproj", "{3DC2D711-1401-4E4E-8434-E6649C919DE8}"
EndProject
Project("{FAE04EC0-301F-11D3-BF4B-00C04F79EFBC}") = "ConsoleApp5", "..\ConsoleApp5\ConsoleApp5.csproj", "{7E7046D4-9538-48E2-9A1F-1D3A95E57E16}"
EndProject
Project("{FAE04EC0-301F-11D3-BF4B-00C04F79EFBC}") = "ConsoleApp6", "..\ConsoleApp6\ConsoleApp6.csproj", "{769D1A90-1A19-4143-B286-AC05BAB86588}"
EndProject
Project("{FAE04EC0-301F-11D3-BF4B-00C04F79EFBC}") = "ConsoleApp7", "..\ConsoleApp7\ConsoleApp7.csproj", "{0066DF51-9E56-42D9-ABA3-FA4E21FB782E}"
EndProject
Project("{FAE04EC0-301F-11D3-BF4B-00C04F79EFBC}") = "ConsoleApp8", "..\ConsoleApp8\ConsoleApp8.csproj", "{1F0F9A0D-8F03-4EBD-BEFE-223DB20C4A81}"
EndProject
Project("{FAE04EC0-301F-11D3-BF4B-00C04F79EFBC}") = "ConsoleApp9", "..\ConsoleApp9\ConsoleApp9.csproj", "{7B35D02B-CA48-4F71-9AD6-3A62705246B8}"
EndProject
Project("{FAE04EC0-301F-11D3-BF4B-00C04F79EFBC}") = "ConsoleApp10", "..\ConsoleApp10\ConsoleApp10.csproj", "{D7D2965A-9AF1-42D5-9FE8-9391D286FB04}"
EndProject
Project("{FAE04EC0-301F-11D3-BF4B-00C04F79EFBC}") = "ConsoleApp11", "..\ConsoleApp11\ConsoleApp11.csproj", "{EAFA81EA-139A-4D63-ACDA-D21B89883F0C}"
EndProject
Project("{FAE04EC0-301F-11D3-BF4B-00C04F79EFBC}") = "ConsoleApp12", "..\ConsoleApp12\ConsoleApp12.csproj", "{3BCD2D28-5F09-4CB9-9840-42F2E3208796}"
EndProject
Global
	GlobalSection(SolutionConfigurationPlatforms) = preSolution
		Debug|Any CPU = Debug|Any CPU
		Release|Any CPU = Release|Any CPU
	EndGlobalSection
	GlobalSection(ProjectConfigurationPlatforms) = postSolution
		{90909DAE-9040-4F87-A77E-17D525B2B703}.Debug|Any CPU.ActiveCfg = Debug|Any CPU
		{90909DAE-9040-4F87-A77E-17D525B2B703}.Debug|Any CPU.Build.0 = Debug|Any CPU
		{90909DAE-9040-4F87-A77E-17D525B2B703}.Release|Any CPU.ActiveCfg = Release|Any CPU
		{90909DAE-9040-4F87-A77E-17D525B2B703}.Release|Any CPU.Build.0 = Release|Any CPU
		{14245C22-4C03-4905-9FF3-857DAF9D01F1}.Debug|Any CPU.ActiveCfg = Debug|Any CPU
		{14245C22-4C03-4905-9FF3-857DAF9D01F1}.Debug|Any CPU.Build.0 = Debug|Any CPU
		{14245C22-4C03-4905-9FF3-857DAF9D01F1}.Release|Any CPU.ActiveCfg = Release|Any CPU
		{14245C22-4C03-4905-9FF3-857DAF9D01F1}.Release|Any CPU.Build.0 = Release|Any CPU
		{0EF64AF8-35A6-48AA-BAB9-352A2E665DF4}.Debug|Any CPU.ActiveCfg = Debug|Any CPU
		{0EF64AF8-35A6-48AA-BAB9-352A2E665DF4}.Debug|Any CPU.Build.0 = Debug|Any CPU
		{0EF64AF8-35A6-48AA-BAB9-352A2E665DF4}.Release|Any CPU.ActiveCfg = Release|Any CPU
		{0EF64AF8-35A6-48AA-BAB9-352A2E665DF4}.Release|Any CPU.Build.0 = Release|Any CPU
		{3DC2D711-1401-4E4E-8434-E6649C919DE8}.Debug|Any CPU.ActiveCfg = Debug|Any CPU
		{3DC2D711-1401-4E4E-8434-E6649C919DE8}.Debug|Any CPU.Build.0 = Debug|Any CPU
		{3DC2D711-1401-4E4E-8434-E6649C919DE8}.Release|Any CPU.ActiveCfg = Release|Any CPU
		{3DC2D711-1401-4E4E-8434-E6649C919DE8}.Release|Any CPU.Build.0 = Release|Any CPU
		{7E7046D4-9538-48E2-9A1F-1D3A95E57E16}.Debug|Any CPU.ActiveCfg = Debug|Any CPU
		{7E7046D4-9538-48E2-9A1F-1D3A95E57E16}.Debug|Any CPU.Build.0 = Debug|Any CPU
		{7E7046D4-9538-48E2-9A1F-1D3A95E57E16}.Release|Any CPU.ActiveCfg = Release|Any CPU
		{7E7046D4-9538-48E2-9A1F-1D3A95E57E16}.Release|Any CPU.Build.0 = Release|Any CPU
		{769D1A90-1A19-4143-B286-AC05BAB86588}.Debug|Any CPU.ActiveCfg = Debug|Any CPU
		{769D1A90-1A19-4143-B286-AC05BAB86588}.Debug|Any CPU.Build.0 = Debug|Any CPU
		{769D1A90-1A19-4143-B286-AC05BAB86588}.Release|Any CPU.ActiveCfg = Release|Any CPU
		{769D1A90-1A19-4143-B286-AC05BAB86588}.Release|Any CPU.Build.0 = Release|Any CPU
		{0066DF51-9E56-42D9-ABA3-FA4E21FB782E}.Debug|Any CPU.ActiveCfg = Debug|Any CPU
		{0066DF51-9E56-42D9-ABA3-FA4E21FB782E}.Debug|Any CPU.Build.0 = Debug|Any CPU
		{0066DF51-9E56-42D9-ABA3-FA4E21FB782E}.Release|Any CPU.ActiveCfg = Release|Any CPU
		{0066DF51-9E56-42D9-ABA3-FA4E21FB782E}.Release|Any CPU.Build.0 = Release|Any CPU
		{1F0F9A0D-8F03-4EBD-BEFE-223DB20C4A81}.Debug|Any CPU.ActiveCfg = Debug|Any CPU
		{1F0F9A0D-8F03-4EBD-BEFE-223DB20C4A81}.Debug|Any CPU.Build.0 = Debug|Any CPU
		{1F0F9A0D-8F03-4EBD-BEFE-223DB20C4A81}.Release|Any CPU.ActiveCfg = Release|Any CPU
		{1F0F9A0D-8F03-4EBD-BEFE-223DB20C4A81}.Release|Any CPU.Build.0 = Release|Any CPU
		{7B35D02B-CA48-4F71-9AD6-3A62705246B8}.Debug|Any CPU.ActiveCfg = Debug|Any CPU
		{7B35D02B-CA48-4F71-9AD6-3A62705246B8}.Debug|Any CPU.Build.0 = Debug|Any CPU
		{7B35D02B-CA48-4F71-9AD6-3A62705246B8}.Release|Any CPU.ActiveCfg = Release|Any CPU
		{7B35D02B-CA48-4F71-9AD6-3A62705246B8}.Release|Any CPU.Build.0 = Release|Any CPU
		{D7D2965A-9AF1-42D5-9FE8-9391D286FB04}.Debug|Any CPU.ActiveCfg = Debug|Any CPU
		{D7D2965A-9AF1-42D5-9FE8-9391D286FB04}.Debug|Any CPU.Build.0 = Debug|Any CPU
		{D7D2965A-9AF1-42D5-9FE8-9391D286FB04}.Release|Any CPU.ActiveCfg = Release|Any CPU
		{D7D2965A-9AF1-42D5-9FE8-9391D286FB04}.Release|Any CPU.Build.0 = Release|Any CPU
		{EAFA81EA-139A-4D63-ACDA-D21B89883F0C}.Debug|Any CPU.ActiveCfg = Debug|Any CPU
		{EAFA81EA-139A-4D63-ACDA-D21B89883F0C}.Debug|Any CPU.Build.0 = Debug|Any CPU
		{EAFA81EA-139A-4D63-ACDA-D21B89883F0C}.Release|Any CPU.ActiveCfg = Release|Any CPU
		{EAFA81EA-139A-4D63-ACDA-D21B89883F0C}.Release|Any CPU.Build.0 = Release|Any CPU
		{3BCD2D28-5F09-4CB9-9840-42F2E3208796}.Debug|Any CPU.ActiveCfg = Debug|Any CPU
		{3BCD2D28-5F09-4CB9-9840-42F2E3208796}.Debug|Any CPU.Build.0 = Debug|Any CPU
		{3BCD2D28-5F09-4CB9-9840-42F2E3208796}.Release|Any CPU.ActiveCfg = Release|Any CPU
		{3BCD2D28-5F09-4CB9-9840-42F2E3208796}.Release|Any CPU.Build.0 = Release|Any CPU
	EndGlobalSection
	GlobalSection(SolutionProperties) = preSolution
		HideSolutionNode = FALSE
	EndGlobalSection
	GlobalSection(ExtensibilityGlobals) = postSolution
		SolutionGuid = {98CDBCD4-41FE-4C45-9DFE-D6817F3CBAA9}
	EndGlobalSection
EndGlobal
